
Microsoft Visual Studio Solution File, Format Version 12.00
# Visual Studio Version 17
VisualStudioVersion = 17.14.36717.8 d17.14
MinimumVisualStudioVersion = 10.0.40219.1
Project("{FAE04EC0-301F-11D3-BF4B-00C04F79EFBC}") = "CertificateSolver", "CertificateSolver\CertificateSolver.csproj", "{7B38AA43-6C38-4F6A-9F76-8A7EF324190D}"
EndProject
Global
	GlobalSection(SolutionConfigurationPlatforms) = preSolution
		Debug|Any CPU = Debug|Any CPU
		Release|Any CPU = Release|Any CPU
	EndGlobalSection
	GlobalSection(ProjectConfigurationPlatforms) = postSolution
		{7B38AA43-6C38-4F6A-9F76-8A7EF324190D}.Debug|Any CPU.ActiveCfg = Debug|Any CPU
		{7B38AA43-6C38-4F6A-9F76-8A7EF324190D}.Debug|Any CPU.Build.0 = Debug|Any CPU
		{7B38AA43-6C38-4F6A-9F76-8A7EF324190D}.Release|Any CPU.ActiveCfg = Release|Any CPU
		{7B38AA43-6C38-4F6A-9F76-8A7EF324190D}.Release|Any CPU.Build.0 = Release|Any CPU
	EndGlobalSection
	GlobalSection(SolutionProperties) = preSolution
		HideSolutionNode = FALSE
	EndGlobalSection
	GlobalSection(ExtensibilityGlobals) = postSolution
		SolutionGuid = {F482C53E-C963-4DE8-9056-C1ACE6072E07}
	EndGlobalSection
EndGlobal
